
Microsoft Visual Studio Solution File, Format Version 12.00
# Visual Studio Version 16
VisualStudioVersion = 16.0.29911.84
MinimumVisualStudioVersion = 10.0.40219.1
Project("{FAE04EC0-301F-11D3-BF4B-00C04F79EFBC}") = "Day4MoveZeroes", "Day4MoveZeroes\Day4MoveZeroes.csproj", "{1A6EF267-B992-406D-ADDB-3212C3868615}"
EndProject
Global
	GlobalSection(SolutionConfigurationPlatforms) = preSolution
		Debug|Any CPU = Debug|Any CPU
		Release|Any CPU = Release|Any CPU
	EndGlobalSection
	GlobalSection(ProjectConfigurationPlatforms) = postSolution
		{1A6EF267-B992-406D-ADDB-3212C3868615}.Debug|Any CPU.ActiveCfg = Debug|Any CPU
		{1A6EF267-B992-406D-ADDB-3212C3868615}.Debug|Any CPU.Build.0 = Debug|Any CPU
		{1A6EF267-B992-406D-ADDB-3212C3868615}.Release|Any CPU.ActiveCfg = Release|Any CPU
		{1A6EF267-B992-406D-ADDB-3212C3868615}.Release|Any CPU.Build.0 = Release|Any CPU
	EndGlobalSection
	GlobalSection(SolutionProperties) = preSolution
		HideSolutionNode = FALSE
	EndGlobalSection
	GlobalSection(ExtensibilityGlobals) = postSolution
		SolutionGuid = {4F305973-B44C-4F83-98D0-6A8EBDFAAEF2}
	EndGlobalSection
EndGlobal
